PODS:
  - ChameleonFramework (2.1.0):
    - ChameleonFramework/Default (= 2.1.0)
  - ChameleonFramework/Default (2.1.0)
  - RESideMenu (4.0.7)

DEPENDENCIES:
  - ChameleonFramework
  - RESideMenu

SPEC CHECKSUMS:
  ChameleonFramework: d21a3cc247abfe5e37609a283a8238b03575cf64
  RESideMenu: f24c508404b49c667344c54aba7e590883533958

PODFILE CHECKSUM: 7119630b447f3566955b91c85d55ac4ecf2f13a1

COCOAPODS: 1.0.1
