// !$*UTF8*$!
{
	archiveVersion = 1;
	classes = {
	};
	objectVersion = 46;
	objects = {

/* Begin PBXBuildFile section */
		225F7E041DC1B2FF00F78A0C /* RPTLeftMenuViewController.m in Sources */ = {isa = PBXBuildFile; fileRef = 225F7E031DC1B2FF00F78A0C /* RPTLeftMenuViewController.m */; };
		4048DBBD1DC167E500498A16 /* main.m in Sources */ = {isa = PBXBuildFile; fileRef = 4048DBBC1DC167E500498A16 /* main.m */; };
		4048DBC01DC167E500498A16 /* RPTAppDelegate.m in Sources */ = {isa = PBXBuildFile; fileRef = 4048DBBF1DC167E500498A16 /* RPTAppDelegate.m */; };
		4048DBC31DC167E500498A16 /* RPTRootViewController.m in Sources */ = {isa = PBXBuildFile; fileRef = 4048DBC21DC167E500498A16 /* RPTRootViewController.m */; };
		4048DBC61DC167E500498A16 /* Main.storyboard in Resources */ = {isa = PBXBuildFile; fileRef = 4048DBC41DC167E500498A16 /* Main.storyboard */; };
		4048DBC81DC167E500498A16 /* Assets.xcassets in Resources */ = {isa = PBXBuildFile; fileRef = 4048DBC71DC167E500498A16 /* Assets.xcassets */; };
		4048DBCB1DC167E500498A16 /* LaunchScreen.storyboard in Resources */ = {isa = PBXBuildFile; fileRef = 4048DBC91DC167E500498A16 /* LaunchScreen.storyboard */; };
		40748C441DC19AA800FA7747 /* RPTDetailsView.m in Sources */ = {isa = PBXBuildFile; fileRef = 40748C431DC19AA800FA7747 /* RPTDetailsView.m */; };
		B379A89F54801ABFCE01D604 /* libPods-RIPTA.a in Frameworks */ = {isa = PBXBuildFile; fileRef = BC02043517D37BA4B96DD466 /* libPods-RIPTA.a */; };
/* End PBXBuildFile section */

/* Begin PBXFileReference section */
		225F7E021DC1B2FF00F78A0C /* RPTLeftMenuViewController.h */ = {isa = PBXFileReference; fileEncoding = 4; lastKnownFileType = sourcecode.c.h; path = RPTLeftMenuViewController.h; sourceTree = "<group>"; };
		225F7E031DC1B2FF00F78A0C /* RPTLeftMenuViewController.m */ = {isa = PBXFileReference; fileEncoding = 4; lastKnownFileType = sourcecode.c.objc; path = RPTLeftMenuViewController.m; sourceTree = "<group>"; };
		4048DBB81DC167E500498A16 /* RIPTA.app */ = {isa = PBXFileReference; explicitFileType = wrapper.application; includeInIndex = 0; path = RIPTA.app; sourceTree = BUILT_PRODUCTS_DIR; };
		4048DBBC1DC167E500498A16 /* main.m */ = {isa = PBXFileReference; lastKnownFileType = sourcecode.c.objc; path = main.m; sourceTree = "<group>"; };
		4048DBBE1DC167E500498A16 /* RPTAppDelegate.h */ = {isa = PBXFileReference; lastKnownFileType = sourcecode.c.h; path = RPTAppDelegate.h; sourceTree = "<group>"; };
		4048DBBF1DC167E500498A16 /* RPTAppDelegate.m */ = {isa = PBXFileReference; lastKnownFileType = sourcecode.c.objc; path = RPTAppDelegate.m; sourceTree = "<group>"; };
		4048DBC11DC167E500498A16 /* RPTRootViewController.h */ = {isa = PBXFileReference; lastKnownFileType = sourcecode.c.h; path = RPTRootViewController.h; sourceTree = "<group>"; };
		4048DBC21DC167E500498A16 /* RPTRootViewController.m */ = {isa = PBXFileReference; lastKnownFileType = sourcecode.c.objc; path = RPTRootViewController.m; sourceTree = "<group>"; };
		4048DBC51DC167E500498A16 /* Base */ = {isa = PBXFileReference; lastKnownFileType = file.storyboard; name = Base; path = Base.lproj/Main.storyboard; sourceTree = "<group>"; };
		4048DBC71DC167E500498A16 /* Assets.xcassets */ = {isa = PBXFileReference; lastKnownFileType = folder.assetcatalog; path = Assets.xcassets; sourceTree = "<group>"; };
		4048DBCA1DC167E500498A16 /* Base */ = {isa = PBXFileReference; lastKnownFileType = file.storyboard; name = Base; path = Base.lproj/LaunchScreen.storyboard; sourceTree = "<group>"; };
		4048DBCC1DC167E500498A16 /* Info.plist */ = {isa = PBXFileReference; lastKnownFileType = text.plist.xml; path = Info.plist; sourceTree = "<group>"; };
		40748C421DC19AA800FA7747 /* RPTDetailsView.h */ = {isa = PBXFileReference; fileEncoding = 4; lastKnownFileType = sourcecode.c.h; path = RPTDetailsView.h; sourceTree = "<group>"; };
		40748C431DC19AA800FA7747 /* RPTDetailsView.m */ = {isa = PBXFileReference; fileEncoding = 4; lastKnownFileType = sourcecode.c.objc; path = RPTDetailsView.m; sourceTree = "<group>"; };
		4BF8EF755974FE3A956093A8 /* Pods-RIPTA.release.xcconfig */ = {isa = PBXFileReference; includeInIndex = 1; lastKnownFileType = text.xcconfig; name = "Pods-RIPTA.release.xcconfig"; path = "Pods/Target Support Files/Pods-RIPTA/Pods-RIPTA.release.xcconfig"; sourceTree = "<group>"; };
		8524E77AFEDC6A25309C80AA /* Pods-RIPTA.debug.xcconfig */ = {isa = PBXFileReference; includeInIndex = 1; lastKnownFileType = text.xcconfig; name = "Pods-RIPTA.debug.xcconfig"; path = "Pods/Target Support Files/Pods-RIPTA/Pods-RIPTA.debug.xcconfig"; sourceTree = "<group>"; };
		BC02043517D37BA4B96DD466 /* libPods-RIPTA.a */ = {isa = PBXFileReference; explicitFileType = archive.ar; includeInIndex = 0; path = "libPods-RIPTA.a"; sourceTree = BUILT_PRODUCTS_DIR; };
/* End PBXFileReference section */

/* Begin PBXFrameworksBuildPhase section */
		4048DBB51DC167E500498A16 /* Frameworks */ = {
			isa = PBXFrameworksBuildPhase;
			buildActionMask = 2147483647;
			files = (
				B379A89F54801ABFCE01D604 /* libPods-RIPTA.a in Frameworks */,
			);
			runOnlyForDeploymentPostprocessing = 0;
		};
/* End PBXFrameworksBuildPhase section */

/* Begin PBXGroup section */
		0A236FC53A74CB2258A4F63D /* Frameworks */ = {
			isa = PBXGroup;
			children = (
				BC02043517D37BA4B96DD466 /* libPods-RIPTA.a */,
			);
			name = Frameworks;
			sourceTree = "<group>";
		};
		4048DBAF1DC167E500498A16 = {
			isa = PBXGroup;
			children = (
				4048DBBA1DC167E500498A16 /* RIPTA */,
				4048DBB91DC167E500498A16 /* Products */,
				8415B54E7933D0272AE7ED15 /* Pods */,
				0A236FC53A74CB2258A4F63D /* Frameworks */,
			);
			sourceTree = "<group>";
		};
		4048DBB91DC167E500498A16 /* Products */ = {
			isa = PBXGroup;
			children = (
				4048DBB81DC167E500498A16 /* RIPTA.app */,
			);
			name = Products;
			sourceTree = "<group>";
		};
		4048DBBA1DC167E500498A16 /* RIPTA */ = {
			isa = PBXGroup;
			children = (
				4048DBBE1DC167E500498A16 /* RPTAppDelegate.h */,
				4048DBBF1DC167E500498A16 /* RPTAppDelegate.m */,
				40748C401DC19A8200FA7747 /* UIViewController */,
				40748C411DC19A8900FA7747 /* UIView */,
				4048DBC41DC167E500498A16 /* Main.storyboard */,
				4048DBC71DC167E500498A16 /* Assets.xcassets */,
				4048DBC91DC167E500498A16 /* LaunchScreen.storyboard */,
				4048DBCC1DC167E500498A16 /* Info.plist */,
				4048DBBB1DC167E500498A16 /* Supporting Files */,
			);
			path = RIPTA;
			sourceTree = "<group>";
		};
		4048DBBB1DC167E500498A16 /* Supporting Files */ = {
			isa = PBXGroup;
			children = (
				4048DBBC1DC167E500498A16 /* main.m */,
			);
			name = "Supporting Files";
			sourceTree = "<group>";
		};
		40748C401DC19A8200FA7747 /* UIViewController */ = {
			isa = PBXGroup;
			children = (
				4048DBC11DC167E500498A16 /* RPTRootViewController.h */,
				4048DBC21DC167E500498A16 /* RPTRootViewController.m */,
				225F7E021DC1B2FF00F78A0C /* RPTLeftMenuViewController.h */,
				225F7E031DC1B2FF00F78A0C /* RPTLeftMenuViewController.m */,
			);
			name = UIViewController;
			sourceTree = "<group>";
		};
		40748C411DC19A8900FA7747 /* UIView */ = {
			isa = PBXGroup;
			children = (
				40748C421DC19AA800FA7747 /* RPTDetailsView.h */,
				40748C431DC19AA800FA7747 /* RPTDetailsView.m */,
			);
			name = UIView;
			sourceTree = "<group>";
		};
		8415B54E7933D0272AE7ED15 /* Pods */ = {
			isa = PBXGroup;
			children = (
				8524E77AFEDC6A25309C80AA /* Pods-RIPTA.debug.xcconfig */,
				4BF8EF755974FE3A956093A8 /* Pods-RIPTA.release.xcconfig */,
			);
			name = Pods;
			sourceTree = "<group>";
		};
/* End PBXGroup section */

/* Begin PBXNativeTarget section */
		4048DBB71DC167E500498A16 /* RIPTA */ = {
			isa = PBXNativeTarget;
			buildConfigurationList = 4048DBCF1DC167E500498A16 /* Build configuration list for PBXNativeTarget "RIPTA" */;
			buildPhases = (
				2C390A7D49DA7EB412FD9F70 /* [CP] Check Pods Manifest.lock */,
				4048DBB41DC167E500498A16 /* Sources */,
				4048DBB51DC167E500498A16 /* Frameworks */,
				4048DBB61DC167E500498A16 /* Resources */,
				25F023C489D6A869B00DBDAC /* [CP] Embed Pods Frameworks */,
				DBDD837BCA9FCE1394C07AB0 /* [CP] Copy Pods Resources */,
			);
			buildRules = (
			);
			dependencies = (
			);
			name = RIPTA;
			productName = RIPTA;
			productReference = 4048DBB81DC167E500498A16 /* RIPTA.app */;
			productType = "com.apple.product-type.application";
		};
/* End PBXNativeTarget section */

/* Begin PBXProject section */
		4048DBB01DC167E500498A16 /* Project object */ = {
			isa = PBXProject;
			attributes = {
				CLASSPREFIX = RPT;
				LastUpgradeCheck = 0800;
				ORGANIZATIONNAME = "Brian Olencki";
				TargetAttributes = {
					4048DBB71DC167E500498A16 = {
						CreatedOnToolsVersion = 8.0;
						DevelopmentTeam = 9UKYMVL752;
						ProvisioningStyle = Automatic;
					};
				};
			};
			buildConfigurationList = 4048DBB31DC167E500498A16 /* Build configuration list for PBXProject "RIPTA" */;
			compatibilityVersion = "Xcode 3.2";
			developmentRegion = English;
			hasScannedForEncodings = 0;
			knownRegions = (
				en,
				Base,
			);
			mainGroup = 4048DBAF1DC167E500498A16;
			productRefGroup = 4048DBB91DC167E500498A16 /* Products */;
			projectDirPath = "";
			projectRoot = "";
			targets = (
				4048DBB71DC167E500498A16 /* RIPTA */,
			);
		};
/* End PBXProject section */

/* Begin PBXResourcesBuildPhase section */
		4048DBB61DC167E500498A16 /* Resources */ = {
			isa = PBXResourcesBuildPhase;
			buildActionMask = 2147483647;
			files = (
				4048DBCB1DC167E500498A16 /* LaunchScreen.storyboard in Resources */,
				4048DBC81DC167E500498A16 /* Assets.xcassets in Resources */,
				4048DBC61DC167E500498A16 /* Main.storyboard in Resources */,
			);
			runOnlyForDeploymentPostprocessing = 0;
		};
/* End PBXResourcesBuildPhase section */

/* Begin PBXShellScriptBuildPhase section */
		25F023C489D6A869B00DBDAC /* [CP] Embed Pods Frameworks */ = {
			isa = PBXShellScriptBuildPhase;
			buildActionMask = 2147483647;
			files = (
			);
			inputPaths = (
			);
			name = "[CP] Embed Pods Frameworks";
			outputPaths = (
			);
			runOnlyForDeploymentPostprocessing = 0;
			shellPath = /bin/sh;
			shellScript = "\"${SRCROOT}/Pods/Target Support Files/Pods-RIPTA/Pods-RIPTA-frameworks.sh\"\n";
			showEnvVarsInLog = 0;
		};
		2C390A7D49DA7EB412FD9F70 /* [CP] Check Pods Manifest.lock */ = {
			isa = PBXShellScriptBuildPhase;
			buildActionMask = 2147483647;
			files = (
			);
			inputPaths = (
			);
			name = "[CP] Check Pods Manifest.lock";
			outputPaths = (
			);
			runOnlyForDeploymentPostprocessing = 0;
			shellPath = /bin/sh;
			shellScript = "diff \"${PODS_ROOT}/../Podfile.lock\" \"${PODS_ROOT}/Manifest.lock\" > /dev/null\nif [[ $? != 0 ]] ; then\n    cat << EOM\nerror: The sandbox is not in sync with the Podfile.lock. Run 'pod install' or update your CocoaPods installation.\nEOM\n    exit 1\nfi\n";
			showEnvVarsInLog = 0;
		};
		DBDD837BCA9FCE1394C07AB0 /* [CP] Copy Pods Resources */ = {
			isa = PBXShellScriptBuildPhase;
			buildActionMask = 2147483647;
			files = (
			);
			inputPaths = (
			);
			name = "[CP] Copy Pods Resources";
			outputPaths = (
			);
			runOnlyForDeploymentPostprocessing = 0;
			shellPath = /bin/sh;
			shellScript = "\"${SRCROOT}/Pods/Target Support Files/Pods-RIPTA/Pods-RIPTA-resources.sh\"\n";
			showEnvVarsInLog = 0;
		};
/* End PBXShellScriptBuildPhase section */

/* Begin PBXSourcesBuildPhase section */
		4048DBB41DC167E500498A16 /* Sources */ = {
			isa = PBXSourcesBuildPhase;
			buildActionMask = 2147483647;
			files = (
				40748C441DC19AA800FA7747 /* RPTDetailsView.m in Sources */,
				4048DBC31DC167E500498A16 /* RPTRootViewController.m in Sources */,
				4048DBC01DC167E500498A16 /* RPTAppDelegate.m in Sources */,
				4048DBBD1DC167E500498A16 /* main.m in Sources */,
				225F7E041DC1B2FF00F78A0C /* RPTLeftMenuViewController.m in Sources */,
			);
			runOnlyForDeploymentPostprocessing = 0;
		};
/* End PBXSourcesBuildPhase section */

/* Begin PBXVariantGroup section */
		4048DBC41DC167E500498A16 /* Main.storyboard */ = {
			isa = PBXVariantGroup;
			children = (
				4048DBC51DC167E500498A16 /* Base */,
			);
			name = Main.storyboard;
			sourceTree = "<group>";
		};
		4048DBC91DC167E500498A16 /* LaunchScreen.storyboard */ = {
			isa = PBXVariantGroup;
			children = (
				4048DBCA1DC167E500498A16 /* Base */,
			);
			name = LaunchScreen.storyboard;
			sourceTree = "<group>";
		};
/* End PBXVariantGroup section */

/* Begin XCBuildConfiguration section */
		4048DBCD1DC167E500498A16 /* Debug */ = {
			isa = XCBuildConfiguration;
			buildSettings = {
				ALWAYS_SEARCH_USER_PATHS = NO;
				CLANG_ANALYZER_NONNULL = YES;
				CLANG_CXX_LANGUAGE_STANDARD = "gnu++0x";
				CLANG_CXX_LIBRARY = "libc++";
				CLANG_ENABLE_MODULES = YES;
				CLANG_ENABLE_OBJC_ARC = YES;
				CLANG_WARN_BOOL_CONVERSION = YES;
				CLANG_WARN_CONSTANT_CONVERSION = YES;
				CLANG_WARN_DIRECT_OBJC_ISA_USAGE = YES_ERROR;
				CLANG_WARN_DOCUMENTATION_COMMENTS = YES;
				CLANG_WARN_EMPTY_BODY = YES;
				CLANG_WARN_ENUM_CONVERSION = YES;
				CLANG_WARN_INFINITE_RECURSION = YES;
				CLANG_WARN_INT_CONVERSION = YES;
				CLANG_WARN_OBJC_ROOT_CLASS = YES_ERROR;
				CLANG_WARN_SUSPICIOUS_MOVES = YES;
				CLANG_WARN_UNREACHABLE_CODE = YES;
				CLANG_WARN__DUPLICATE_METHOD_MATCH = YES;
				"CODE_SIGN_IDENTITY[sdk=iphoneos*]" = "iPhone Developer";
				COPY_PHASE_STRIP = NO;
				DEBUG_INFORMATION_FORMAT = dwarf;
				ENABLE_STRICT_OBJC_MSGSEND = YES;
				ENABLE_TESTABILITY = YES;
				GCC_C_LANGUAGE_STANDARD = gnu99;
				GCC_DYNAMIC_NO_PIC = NO;
				GCC_NO_COMMON_BLOCKS = YES;
				GCC_OPTIMIZATION_LEVEL = 0;
				GCC_PREPROCESSOR_DEFINITIONS = (
					"DEBUG=1",
					"$(inherited)",
				);
				GCC_WARN_64_TO_32_BIT_CONVERSION = YES;
				GCC_WARN_ABOUT_RETURN_TYPE = YES_ERROR;
				GCC_WARN_UNDECLARED_SELECTOR = YES;
				GCC_WARN_UNINITIALIZED_AUTOS = YES_AGGRESSIVE;
				GCC_WARN_UNUSED_FUNCTION = YES;
				GCC_WARN_UNUSED_VARIABLE = YES;
				IPHONEOS_DEPLOYMENT_TARGET = 10.0;
				MTL_ENABLE_DEBUG_INFO = YES;
				ONLY_ACTIVE_ARCH = YES;
				SDKROOT = iphoneos;
				TARGETED_DEVICE_FAMILY = "1,2";
			};
			name = Debug;
		};
		4048DBCE1DC167E500498A16 /* Release */ = {
			isa = XCBuildConfiguration;
			buildSettings = {
				ALWAYS_SEARCH_USER_PATHS = NO;
				CLANG_ANALYZER_NONNULL = YES;
				CLANG_CXX_LANGUAGE_STANDARD = "gnu++0x";
				CLANG_CXX_LIBRARY = "libc++";
				CLANG_ENABLE_MODULES = YES;
				CLANG_ENABLE_OBJC_ARC = YES;
				CLANG_WARN_BOOL_CONVERSION = YES;
				CLANG_WARN_CONSTANT_CONVERSION = YES;
				CLANG_WARN_DIRECT_OBJC_ISA_USAGE = YES_ERROR;
				CLANG_WARN_DOCUMENTATION_COMMENTS = YES;
				CLANG_WARN_EMPTY_BODY = YES;
				CLANG_WARN_ENUM_CONVERSION = YES;
				CLANG_WARN_INFINITE_RECURSION = YES;
				CLANG_WARN_INT_CONVERSION = YES;
				CLANG_WARN_OBJC_ROOT_CLASS = YES_ERROR;
				CLANG_WARN_SUSPICIOUS_MOVES = YES;
				CLANG_WARN_UNREACHABLE_CODE = YES;
				CLANG_WARN__DUPLICATE_METHOD_MATCH = YES;
				"CODE_SIGN_IDENTITY[sdk=iphoneos*]" = "iPhone Developer";
				COPY_PHASE_STRIP = NO;
				DEBUG_INFORMATION_FORMAT = "dwarf-with-dsym";
				ENABLE_NS_ASSERTIONS = NO;
				ENABLE_STRICT_OBJC_MSGSEND = YES;
				GCC_C_LANGUAGE_STANDARD = gnu99;
				GCC_NO_COMMON_BLOCKS = YES;
				GCC_WARN_64_TO_32_BIT_CONVERSION = YES;
				GCC_WARN_ABOUT_RETURN_TYPE = YES_ERROR;
				GCC_WARN_UNDECLARED_SELECTOR = YES;
				GCC_WARN_UNINITIALIZED_AUTOS = YES_AGGRESSIVE;
				GCC_WARN_UNUSED_FUNCTION = YES;
				GCC_WARN_UNUSED_VARIABLE = YES;
				IPHONEOS_DEPLOYMENT_TARGET = 10.0;
				MTL_ENABLE_DEBUG_INFO = NO;
				SDKROOT = iphoneos;
				TARGETED_DEVICE_FAMILY = "1,2";
				VALIDATE_PRODUCT = YES;
			};
			name = Release;
		};
		4048DBD01DC167E500498A16 /* Debug */ = {
			isa = XCBuildConfiguration;
			baseConfigurationReference = 8524E77AFEDC6A25309C80AA /* Pods-RIPTA.debug.xcconfig */;
			buildSettings = {
				ASSETCATALOG_COMPILER_APPICON_NAME = AppIcon;
				DEVELOPMENT_TEAM = 9UKYMVL752;
				INFOPLIST_FILE = RIPTA/Info.plist;
				LD_RUNPATH_SEARCH_PATHS = "$(inherited) @executable_path/Frameworks";
				PRODUCT_BUNDLE_IDENTIFIER = com.bolencki13.RIPTA;
				PRODUCT_NAME = "$(TARGET_NAME)";
			};
			name = Debug;
		};
		4048DBD11DC167E500498A16 /* Release */ = {
			isa = XCBuildConfiguration;
			baseConfigurationReference = 4BF8EF755974FE3A956093A8 /* Pods-RIPTA.release.xcconfig */;
			buildSettings = {
				ASSETCATALOG_COMPILER_APPICON_NAME = AppIcon;
				DEVELOPMENT_TEAM = 9UKYMVL752;
				INFOPLIST_FILE = RIPTA/Info.plist;
				LD_RUNPATH_SEARCH_PATHS = "$(inherited) @executable_path/Frameworks";
				PRODUCT_BUNDLE_IDENTIFIER = com.bolencki13.RIPTA;
				PRODUCT_NAME = "$(TARGET_NAME)";
			};
			name = Release;
		};
/* End XCBuildConfiguration section */

/* Begin XCConfigurationList section */
		4048DBB31DC167E500498A16 /* Build configuration list for PBXProject "RIPTA" */ = {
			isa = XCConfigurationList;
			buildConfigurations = (
				4048DBCD1DC167E500498A16 /* Debug */,
				4048DBCE1DC167E500498A16 /* Release */,
			);
			defaultConfigurationIsVisible = 0;
			defaultConfigurationName = Release;
		};
		4048DBCF1DC167E500498A16 /* Build configuration list for PBXNativeTarget "RIPTA" */ = {
			isa = XCConfigurationList;
			buildConfigurations = (
				4048DBD01DC167E500498A16 /* Debug */,
				4048DBD11DC167E500498A16 /* Release */,
			);
			defaultConfigurationIsVisible = 0;
			defaultConfigurationName = Release;
		};
/* End XCConfigurationList section */
	};
	rootObject = 4048DBB01DC167E500498A16 /* Project object */;
}
